// !$*UTF8*$!
{
	archiveVersion = 1;
	classes = {
	};
	objectVersion = 56;
	objects = {

/* Begin PBXBuildFile section */
		14007D68303A1D5E005261FD /* CoinImageView.swift in Sources */ = {isa = PBXBuildFile; fileRef = 14007D67303A1D5E005261FD /* CoinImageView.swift */; };
		14007D6A303A1F8C005261FD /* CoinImageService.swift in Sources */ = {isa = PBXBuildFile; fileRef = 14007D69303A1F8B005261FD /* CoinImageService.swift */; };
		14007D6C303A2334005261FD /* CoinImageViewModel.swift in Sources */ = {isa = PBXBuildFile; fileRef = 14007D6B303A2334005261FD /* CoinImageViewModel.swift */; };
		144E907730359F08008051D5 /* CryptoApp.swift in Sources */ = {isa = PBXBuildFile; fileRef = 144E907630359F08008051D5 /* CryptoApp.swift */; };
		144E907930359F08008051D5 /* ContentView.swift in Sources */ = {isa = PBXBuildFile; fileRef = 144E907830359F08008051D5 /* ContentView.swift */; };
		144E907E30359F0C008051D5 /* Preview Assets.xcassets in Resources */ = {isa = PBXBuildFile; fileRef = 144E907D30359F0C008051D5 /* Preview Assets.xcassets */; };
		144E90883035A1F3008051D5 /* Color.swift in Sources */ = {isa = PBXBuildFile; fileRef = 144E90873035A1F3008051D5 /* Color.swift */; };
		144E908E3035E78A008051D5 /* HomeView.swift in Sources */ = {isa = PBXBuildFile; fileRef = 144E908D3035E78A008051D5 /* HomeView.swift */; };
		144E90923035EA20008051D5 /* CircleButtonView.swift in Sources */ = {isa = PBXBuildFile; fileRef = 144E90913035EA20008051D5 /* CircleButtonView.swift */; };
		144E90943035EFDC008051D5 /* CircleButtonAnimationView.swift in Sources */ = {isa = PBXBuildFile; fileRef = 144E90933035EFDC008051D5 /* CircleButtonAnimationView.swift */; };
		14A4C042303C13EB000AC1B5 /* Assets.xcassets in Resources */ = {isa = PBXBuildFile; fileRef = 14A4C041303C13EB000AC1B5 /* Assets.xcassets */; };
		14A4C044303C15A9000AC1B5 /* LocalFileManger.swift in Sources */ = {isa = PBXBuildFile; fileRef = 14A4C043303C15A9000AC1B5 /* LocalFileManger.swift */; };
		14A4C046303C73B6000AC1B5 /* SearchBarView.swift in Sources */ = {isa = PBXBuildFile; fileRef = 14A4C045303C73B5000AC1B5 /* SearchBarView.swift */; };
		14A4C048303C7AF1000AC1B5 /* UIApplication.swift in Sources */ = {isa = PBXBuildFile; fileRef = 14A4C047303C7AF1000AC1B5 /* UIApplication.swift */; };
		14A4C04A303C9913000AC1B5 /* StatisticModel.swift in Sources */ = {isa = PBXBuildFile; fileRef = 14A4C049303C9913000AC1B5 /* StatisticModel.swift */; };
		14A4C04C303C9989000AC1B5 /* StatisticView.swift in Sources */ = {isa = PBXBuildFile; fileRef = 14A4C04B303C9989000AC1B5 /* StatisticView.swift */; };
		14A4C04E303C9F3B000AC1B5 /* HomeStatsView.swift in Sources */ = {isa = PBXBuildFile; fileRef = 14A4C04D303C9F3B000AC1B5 /* HomeStatsView.swift */; };
		14AD23263039CA46004E7108 /* NetworkingManger.swift in Sources */ = {isa = PBXBuildFile; fileRef = 14AD23253039CA46004E7108 /* NetworkingManger.swift */; };
		14BA927B3036AB9000506A06 /* CoinModel.swift in Sources */ = {isa = PBXBuildFile; fileRef = 14BA927A3036AB9000506A06 /* CoinModel.swift */; };
		14BA927D303806CE00506A06 /* CoinRowView.swift in Sources */ = {isa = PBXBuildFile; fileRef = 14BA927C303806CE00506A06 /* CoinRowView.swift */; };
		14BA928330380E2500506A06 /* PreviewProvider.swift in Sources */ = {isa = PBXBuildFile; fileRef = 14BA928230380E2500506A06 /* PreviewProvider.swift */; };
		14BA92853038132700506A06 /* Double.swift in Sources */ = {isa = PBXBuildFile; fileRef = 14BA92843038132700506A06 /* Double.swift */; };
		14BA92873038860600506A06 /* HomeViewModel.swift in Sources */ = {isa = PBXBuildFile; fileRef = 14BA92863038860600506A06 /* HomeViewModel.swift */; };
		14BA928A30397F3D00506A06 /* CoinDataService.swift in Sources */ = {isa = PBXBuildFile; fileRef = 14BA928930397F3D00506A06 /* CoinDataService.swift */; };
		14C6674E303F0C9A008F62F9 /* MarketDataModel.swift in Sources */ = {isa = PBXBuildFile; fileRef = 14C6674D303F0C9A008F62F9 /* MarketDataModel.swift */; };
		14C66750303F1466008F62F9 /* MarketDataService.swift in Sources */ = {isa = PBXBuildFile; fileRef = 14C6674F303F1466008F62F9 /* MarketDataService.swift */; };
		14C6675230401CD7008F62F9 /* PortfolioView.swift in Sources */ = {isa = PBXBuildFile; fileRef = 14C6675130401CD7008F62F9 /* PortfolioView.swift */; };
		14C66754304023D3008F62F9 /* XmarkButton.swift in Sources */ = {isa = PBXBuildFile; fileRef = 14C66753304023D3008F62F9 /* XmarkButton.swift */; };
		14C66756304026C1008F62F9 /* CoinLogoView.swift in Sources */ = {isa = PBXBuildFile; fileRef = 14C66755304026C1008F62F9 /* CoinLogoView.swift */; };
		14C66759304056F4008F62F9 /* PortfolioContainer.xcdatamodeld in Sources */ = {isa = PBXBuildFile; fileRef = 14C66757304056F4008F62F9 /* PortfolioContainer.xcdatamodeld */; };
		14C6675B304057B1008F62F9 /* PortfolioDataService.swift in Sources */ = {isa = PBXBuildFile; fileRef = 14C6675A304057B1008F62F9 /* PortfolioDataService.swift */; };
/* End PBXBuildFile section */

/* Begin PBXFileReference section */
		14007D67303A1D5E005261FD /* CoinImageView.swift */ = {isa = PBXFileReference; lastKnownFileType = sourcecode.swift; path = CoinImageView.swift; sourceTree = "<group>"; };
		14007D69303A1F8B005261FD /* CoinImageService.swift */ = {isa = PBXFileReference; lastKnownFileType = sourcecode.swift; path = CoinImageService.swift; sourceTree = "<group>"; };
		14007D6B303A2334005261FD /* CoinImageViewModel.swift */ = {isa = PBXFileReference; lastKnownFileType = sourcecode.swift; path = CoinImageViewModel.swift; sourceTree = "<group>"; };
		144E907330359F08008051D5 /* Crypto.app */ = {isa = PBXFileReference; explicitFileType = wrapper.application; includeInIndex = 0; path = Crypto.app; sourceTree = BUILT_PRODUCTS_DIR; };
		144E907630359F08008051D5 /* CryptoApp.swift */ = {isa = PBXFileReference; lastKnownFileType = sourcecode.swift; path = CryptoApp.swift; sourceTree = "<group>"; };
		144E907830359F08008051D5 /* ContentView.swift */ = {isa = PBXFileReference; lastKnownFileType = sourcecode.swift; path = ContentView.swift; sourceTree = "<group>"; };
		144E907D30359F0C008051D5 /* Preview Assets.xcassets */ = {isa = PBXFileReference; lastKnownFileType = folder.assetcatalog; path = "Preview Assets.xcassets"; sourceTree = "<group>"; };
		144E90873035A1F3008051D5 /* Color.swift */ = {isa = PBXFileReference; lastKnownFileType = sourcecode.swift; path = Color.swift; sourceTree = "<group>"; };
		144E908D3035E78A008051D5 /* HomeView.swift */ = {isa = PBXFileReference; lastKnownFileType = sourcecode.swift; path = HomeView.swift; sourceTree = "<group>"; };
		144E90913035EA20008051D5 /* CircleButtonView.swift */ = {isa = PBXFileReference; lastKnownFileType = sourcecode.swift; path = CircleButtonView.swift; sourceTree = "<group>"; };
		144E90933035EFDC008051D5 /* CircleButtonAnimationView.swift */ = {isa = PBXFileReference; lastKnownFileType = sourcecode.swift; path = CircleButtonAnimationView.swift; sourceTree = "<group>"; };
		14A4C041303C13EB000AC1B5 /* Assets.xcassets */ = {isa = PBXFileReference; lastKnownFileType = folder.assetcatalog; path = Assets.xcassets; sourceTree = "<group>"; };
		14A4C043303C15A9000AC1B5 /* LocalFileManger.swift */ = {isa = PBXFileReference; lastKnownFileType = sourcecode.swift; path = LocalFileManger.swift; sourceTree = "<group>"; };
		14A4C045303C73B5000AC1B5 /* SearchBarView.swift */ = {isa = PBXFileReference; lastKnownFileType = sourcecode.swift; path = SearchBarView.swift; sourceTree = "<group>"; };
		14A4C047303C7AF1000AC1B5 /* UIApplication.swift */ = {isa = PBXFileReference; lastKnownFileType = sourcecode.swift; path = UIApplication.swift; sourceTree = "<group>"; };
		14A4C049303C9913000AC1B5 /* StatisticModel.swift */ = {isa = PBXFileReference; lastKnownFileType = sourcecode.swift; path = StatisticModel.swift; sourceTree = "<group>"; };
		14A4C04B303C9989000AC1B5 /* StatisticView.swift */ = {isa = PBXFileReference; lastKnownFileType = sourcecode.swift; path = StatisticView.swift; sourceTree = "<group>"; };
		14A4C04D303C9F3B000AC1B5 /* HomeStatsView.swift */ = {isa = PBXFileReference; lastKnownFileType = sourcecode.swift; path = HomeStatsView.swift; sourceTree = "<group>"; };
		14AD23253039CA46004E7108 /* NetworkingManger.swift */ = {isa = PBXFileReference; lastKnownFileType = sourcecode.swift; path = NetworkingManger.swift; sourceTree = "<group>"; };
		14BA927A3036AB9000506A06 /* CoinModel.swift */ = {isa = PBXFileReference; lastKnownFileType = sourcecode.swift; path = CoinModel.swift; sourceTree = "<group>"; };
		14BA927C303806CE00506A06 /* CoinRowView.swift */ = {isa = PBXFileReference; lastKnownFileType = sourcecode.swift; path = CoinRowView.swift; sourceTree = "<group>"; };
		14BA928230380E2500506A06 /* PreviewProvider.swift */ = {isa = PBXFileReference; lastKnownFileType = sourcecode.swift; path = PreviewProvider.swift; sourceTree = "<group>"; };
		14BA92843038132700506A06 /* Double.swift */ = {isa = PBXFileReference; lastKnownFileType = sourcecode.swift; path = Double.swift; sourceTree = "<group>"; };
		14BA92863038860600506A06 /* HomeViewModel.swift */ = {isa = PBXFileReference; lastKnownFileType = sourcecode.swift; path = HomeViewModel.swift; sourceTree = "<group>"; };
		14BA928930397F3D00506A06 /* CoinDataService.swift */ = {isa = PBXFileReference; lastKnownFileType = sourcecode.swift; path = CoinDataService.swift; sourceTree = "<group>"; };
		14C6674D303F0C9A008F62F9 /* MarketDataModel.swift */ = {isa = PBXFileReference; lastKnownFileType = sourcecode.swift; path = MarketDataModel.swift; sourceTree = "<group>"; };
		14C6674F303F1466008F62F9 /* MarketDataService.swift */ = {isa = PBXFileReference; lastKnownFileType = sourcecode.swift; path = MarketDataService.swift; sourceTree = "<group>"; };
		14C6675130401CD7008F62F9 /* PortfolioView.swift */ = {isa = PBXFileReference; lastKnownFileType = sourcecode.swift; path = PortfolioView.swift; sourceTree = "<group>"; };
		14C66753304023D3008F62F9 /* XmarkButton.swift */ = {isa = PBXFileReference; lastKnownFileType = sourcecode.swift; path = XmarkButton.swift; sourceTree = "<group>"; };
		14C66755304026C1008F62F9 /* CoinLogoView.swift */ = {isa = PBXFileReference; lastKnownFileType = sourcecode.swift; path = CoinLogoView.swift; sourceTree = "<group>"; };
		14C66758304056F4008F62F9 /* PortfolioContainer.xcdatamodel */ = {isa = PBXFileReference; lastKnownFileType = wrapper.xcdatamodel; path = PortfolioContainer.xcdatamodel; sourceTree = "<group>"; };
		14C6675A304057B1008F62F9 /* PortfolioDataService.swift */ = {isa = PBXFileReference; lastKnownFileType = sourcecode.swift; path = PortfolioDataService.swift; sourceTree = "<group>"; };
/* End PBXFileReference section */

/* Begin PBXFrameworksBuildPhase section */
		144E907030359F08008051D5 /* Frameworks */ = {
			isa = PBXFrameworksBuildPhase;
			buildActionMask = 2147483647;
			files = (
			);
			runOnlyForDeploymentPostprocessing = 0;
		};
/* End PBXFrameworksBuildPhase section */

/* Begin PBXGroup section */
		14007D66303A1D39005261FD /* CoinImage */ = {
			isa = PBXGroup;
			children = (
				14007D67303A1D5E005261FD /* CoinImageView.swift */,
				14007D6B303A2334005261FD /* CoinImageViewModel.swift */,
				14C66755304026C1008F62F9 /* CoinLogoView.swift */,
			);
			path = CoinImage;
			sourceTree = "<group>";
		};
		144E906A30359F08008051D5 = {
			isa = PBXGroup;
			children = (
				144E907530359F08008051D5 /* Crypto */,
				144E907430359F08008051D5 /* Products */,
			);
			sourceTree = "<group>";
		};
		144E907430359F08008051D5 /* Products */ = {
			isa = PBXGroup;
			children = (
				144E907330359F08008051D5 /* Crypto.app */,
			);
			name = Products;
			sourceTree = "<group>";
		};
		144E907530359F08008051D5 /* Crypto */ = {
			isa = PBXGroup;
			children = (
				144E907630359F08008051D5 /* CryptoApp.swift */,
				14AD23243039C90B004E7108 /* Utilities */,
				144E90863035A1D2008051D5 /* Extensions */,
				14BA928830397EEF00506A06 /* Services */,
				14BA92793036AB7700506A06 /* Models */,
				144E90893035E737008051D5 /* Core */,
				144E907830359F08008051D5 /* ContentView.swift */,
				14A4C041303C13EB000AC1B5 /* Assets.xcassets */,
				144E907C30359F0C008051D5 /* Preview Content */,
			);
			path = Crypto;
			sourceTree = "<group>";
		};
		144E907C30359F0C008051D5 /* Preview Content */ = {
			isa = PBXGroup;
			children = (
				144E907D30359F0C008051D5 /* Preview Assets.xcassets */,
			);
			path = "Preview Content";
			sourceTree = "<group>";
		};
		144E90863035A1D2008051D5 /* Extensions */ = {
			isa = PBXGroup;
			children = (
				144E90873035A1F3008051D5 /* Color.swift */,
				14BA928230380E2500506A06 /* PreviewProvider.swift */,
				14BA92843038132700506A06 /* Double.swift */,
				14A4C047303C7AF1000AC1B5 /* UIApplication.swift */,
			);
			path = Extensions;
			sourceTree = "<group>";
		};
		144E90893035E737008051D5 /* Core */ = {
			isa = PBXGroup;
			children = (
				144E908F3035E9E3008051D5 /* Components */,
				144E908A3035E753008051D5 /* Home */,
			);
			path = Core;
			sourceTree = "<group>";
		};
		144E908A3035E753008051D5 /* Home */ = {
			isa = PBXGroup;
			children = (
				144E908C3035E76C008051D5 /* ViewModels */,
				144E908B3035E765008051D5 /* Views */,
			);
			path = Home;
			sourceTree = "<group>";
		};
		144E908B3035E765008051D5 /* Views */ = {
			isa = PBXGroup;
			children = (
				144E908D3035E78A008051D5 /* HomeView.swift */,
				14BA927C303806CE00506A06 /* CoinRowView.swift */,
				14A4C04D303C9F3B000AC1B5 /* HomeStatsView.swift */,
				14C6675130401CD7008F62F9 /* PortfolioView.swift */,
			);
			path = Views;
			sourceTree = "<group>";
		};
		144E908C3035E76C008051D5 /* ViewModels */ = {
			isa = PBXGroup;
			children = (
				14BA92863038860600506A06 /* HomeViewModel.swift */,
			);
			path = ViewModels;
			sourceTree = "<group>";
		};
		144E908F3035E9E3008051D5 /* Components */ = {
			isa = PBXGroup;
			children = (
				14007D66303A1D39005261FD /* CoinImage */,
				144E90903035E9FD008051D5 /* CircleButton */,
				14A4C045303C73B5000AC1B5 /* SearchBarView.swift */,
				14A4C04B303C9989000AC1B5 /* StatisticView.swift */,
				14C66753304023D3008F62F9 /* XmarkButton.swift */,
			);
			path = Components;
			sourceTree = "<group>";
		};
		144E90903035E9FD008051D5 /* CircleButton */ = {
			isa = PBXGroup;
			children = (
				144E90913035EA20008051D5 /* CircleButtonView.swift */,
				144E90933035EFDC008051D5 /* CircleButtonAnimationView.swift */,
			);
			path = CircleButton;
			sourceTree = "<group>";
		};
		14AD23243039C90B004E7108 /* Utilities */ = {
			isa = PBXGroup;
			children = (
				14AD23253039CA46004E7108 /* NetworkingManger.swift */,
				14A4C043303C15A9000AC1B5 /* LocalFileManger.swift */,
			);
			path = Utilities;
			sourceTree = "<group>";
		};
		14BA92793036AB7700506A06 /* Models */ = {
			isa = PBXGroup;
			children = (
				14BA927A3036AB9000506A06 /* CoinModel.swift */,
				14A4C049303C9913000AC1B5 /* StatisticModel.swift */,
				14C6674D303F0C9A008F62F9 /* MarketDataModel.swift */,
				14C66757304056F4008F62F9 /* PortfolioContainer.xcdatamodeld */,
			);
			path = Models;
			sourceTree = "<group>";
		};
		14BA928830397EEF00506A06 /* Services */ = {
			isa = PBXGroup;
			children = (
				14BA928930397F3D00506A06 /* CoinDataService.swift */,
				14007D69303A1F8B005261FD /* CoinImageService.swift */,
				14C6674F303F1466008F62F9 /* MarketDataService.swift */,
				14C6675A304057B1008F62F9 /* PortfolioDataService.swift */,
			);
			path = Services;
			sourceTree = "<group>";
		};
/* End PBXGroup section */

/* Begin PBXNativeTarget section */
		144E907230359F08008051D5 /* Crypto */ = {
			isa = PBXNativeTarget;
			buildConfigurationList = 144E908130359F0C008051D5 /* Build configuration list for PBXNativeTarget "Crypto" */;
			buildPhases = (
				144E906F30359F08008051D5 /* Sources */,
				144E907030359F08008051D5 /* Frameworks */,
				144E907130359F08008051D5 /* Resources */,
			);
			buildRules = (
			);
			dependencies = (
			);
			name = Crypto;
			productName = Crypto;
			productReference = 144E907330359F08008051D5 /* Crypto.app */;
			productType = "com.apple.product-type.application";
		};
/* End PBXNativeTarget section */

/* Begin PBXProject section */
		144E906B30359F08008051D5 /* Project object */ = {
			isa = PBXProject;
			attributes = {
				BuildIndependentTargetsInParallel = 1;
				LastSwiftUpdateCheck = 1520;
				LastUpgradeCheck = 1520;
				TargetAttributes = {
					144E907230359F08008051D5 = {
						CreatedOnToolsVersion = 15.2;
					};
				};
			};
			buildConfigurationList = 144E906E30359F08008051D5 /* Build configuration list for PBXProject "Crypto" */;
			compatibilityVersion = "Xcode 14.0";
			developmentRegion = en;
			hasScannedForEncodings = 0;
			knownRegions = (
				en,
				Base,
			);
			mainGroup = 144E906A30359F08008051D5;
			productRefGroup = 144E907430359F08008051D5 /* Products */;
			projectDirPath = "";
			projectRoot = "";
			targets = (
				144E907230359F08008051D5 /* Crypto */,
			);
		};
/* End PBXProject section */

/* Begin PBXResourcesBuildPhase section */
		144E907130359F08008051D5 /* Resources */ = {
			isa = PBXResourcesBuildPhase;
			buildActionMask = 2147483647;
			files = (
				14A4C042303C13EB000AC1B5 /* Assets.xcassets in Resources */,
				144E907E30359F0C008051D5 /* Preview Assets.xcassets in Resources */,
			);
			runOnlyForDeploymentPostprocessing = 0;
		};
/* End PBXResourcesBuildPhase section */

/* Begin PBXSourcesBuildPhase section */
		144E906F30359F08008051D5 /* Sources */ = {
			isa = PBXSourcesBuildPhase;
			buildActionMask = 2147483647;
			files = (
				14C66759304056F4008F62F9 /* PortfolioContainer.xcdatamodeld in Sources */,
				14A4C04A303C9913000AC1B5 /* StatisticModel.swift in Sources */,
				14BA928A30397F3D00506A06 /* CoinDataService.swift in Sources */,
				14BA927D303806CE00506A06 /* CoinRowView.swift in Sources */,
				14BA92873038860600506A06 /* HomeViewModel.swift in Sources */,
				144E907930359F08008051D5 /* ContentView.swift in Sources */,
				14AD23263039CA46004E7108 /* NetworkingManger.swift in Sources */,
				14C6674E303F0C9A008F62F9 /* MarketDataModel.swift in Sources */,
				14007D68303A1D5E005261FD /* CoinImageView.swift in Sources */,
				14A4C04C303C9989000AC1B5 /* StatisticView.swift in Sources */,
				144E908E3035E78A008051D5 /* HomeView.swift in Sources */,
				144E907730359F08008051D5 /* CryptoApp.swift in Sources */,
				14A4C048303C7AF1000AC1B5 /* UIApplication.swift in Sources */,
				144E90923035EA20008051D5 /* CircleButtonView.swift in Sources */,
				144E90883035A1F3008051D5 /* Color.swift in Sources */,
				14A4C046303C73B6000AC1B5 /* SearchBarView.swift in Sources */,
				144E90943035EFDC008051D5 /* CircleButtonAnimationView.swift in Sources */,
				14A4C04E303C9F3B000AC1B5 /* HomeStatsView.swift in Sources */,
				14C66756304026C1008F62F9 /* CoinLogoView.swift in Sources */,
				14C66754304023D3008F62F9 /* XmarkButton.swift in Sources */,
				14C66750303F1466008F62F9 /* MarketDataService.swift in Sources */,
				14007D6C303A2334005261FD /* CoinImageViewModel.swift in Sources */,
				14BA928330380E2500506A06 /* PreviewProvider.swift in Sources */,
				14A4C044303C15A9000AC1B5 /* LocalFileManger.swift in Sources */,
				14C6675230401CD7008F62F9 /* PortfolioView.swift in Sources */,
				14BA92853038132700506A06 /* Double.swift in Sources */,
				14007D6A303A1F8C005261FD /* CoinImageService.swift in Sources */,
				14BA927B3036AB9000506A06 /* CoinModel.swift in Sources */,
				14C6675B304057B1008F62F9 /* PortfolioDataService.swift in Sources */,
			);
			runOnlyForDeploymentPostprocessing = 0;
		};
/* End PBXSourcesBuildPhase section */

/* Begin XCBuildConfiguration section */
		144E907F30359F0C008051D5 /* Debug */ = {
			isa = XCBuildConfiguration;
			buildSettings = {
				ALWAYS_SEARCH_USER_PATHS = NO;
				ASSETCATALOG_COMPILER_GENERATE_SWIFT_ASSET_SYMBOL_EXTENSIONS = YES;
				CLANG_ANALYZER_NONNULL = YES;
				CLANG_ANALYZER_NUMBER_OBJECT_CONVERSION = YES_AGGRESSIVE;
				CLANG_CXX_LANGUAGE_STANDARD = "gnu++20";
				CLANG_ENABLE_MODULES = YES;
				CLANG_ENABLE_OBJC_ARC = YES;
				CLANG_ENABLE_OBJC_WEAK = YES;
				CLANG_WARN_BLOCK_CAPTURE_AUTORELEASING = YES;
				CLANG_WARN_BOOL_CONVERSION = YES;
				CLANG_WARN_COMMA = YES;
				CLANG_WARN_CONSTANT_CONVERSION = YES;
				CLANG_WARN_DEPRECATED_OBJC_IMPLEMENTATIONS = YES;
				CLANG_WARN_DIRECT_OBJC_ISA_USAGE = YES_ERROR;
				CLANG_WARN_DOCUMENTATION_COMMENTS = YES;
				CLANG_WARN_EMPTY_BODY = YES;
				CLANG_WARN_ENUM_CONVERSION = YES;
				CLANG_WARN_INFINITE_RECURSION = YES;
				CLANG_WARN_INT_CONVERSION = YES;
				CLANG_WARN_NON_LITERAL_NULL_CONVERSION = YES;
				CLANG_WARN_OBJC_IMPLICIT_RETAIN_SELF = YES;
				CLANG_WARN_OBJC_LITERAL_CONVERSION = YES;
				CLANG_WARN_OBJC_ROOT_CLASS = YES_ERROR;
				CLANG_WARN_QUOTED_INCLUDE_IN_FRAMEWORK_HEADER = YES;
				CLANG_WARN_RANGE_LOOP_ANALYSIS = YES;
				CLANG_WARN_STRICT_PROTOTYPES = YES;
				CLANG_WARN_SUSPICIOUS_MOVE = YES;
				CLANG_WARN_UNGUARDED_AVAILABILITY = YES_AGGRESSIVE;
				CLANG_WARN_UNREACHABLE_CODE = YES;
				CLANG_WARN__DUPLICATE_METHOD_MATCH = YES;
				COPY_PHASE_STRIP = NO;
				DEBUG_INFORMATION_FORMAT = dwarf;
				ENABLE_STRICT_OBJC_MSGSEND = YES;
				ENABLE_TESTABILITY = YES;
				ENABLE_USER_SCRIPT_SANDBOXING = YES;
				GCC_C_LANGUAGE_STANDARD = gnu17;
				GCC_DYNAMIC_NO_PIC = NO;
				GCC_NO_COMMON_BLOCKS = YES;
				GCC_OPTIMIZATION_LEVEL = 0;
				GCC_PREPROCESSOR_DEFINITIONS = (
					"DEBUG=1",
					"$(inherited)",
				);
				GCC_WARN_64_TO_32_BIT_CONVERSION = YES;
				GCC_WARN_ABOUT_RETURN_TYPE = YES_ERROR;
				GCC_WARN_UNDECLARED_SELECTOR = YES;
				GCC_WARN_UNINITIALIZED_AUTOS = YES_AGGRESSIVE;
				GCC_WARN_UNUSED_FUNCTION = YES;
				GCC_WARN_UNUSED_VARIABLE = YES;
				IPHONEOS_DEPLOYMENT_TARGET = 17.2;
				LOCALIZATION_PREFERS_STRING_CATALOGS = YES;
				MTL_ENABLE_DEBUG_INFO = INCLUDE_SOURCE;
				MTL_FAST_MATH = YES;
				ONLY_ACTIVE_ARCH = YES;
				SDKROOT = iphoneos;
				SWIFT_ACTIVE_COMPILATION_CONDITIONS = "DEBUG $(inherited)";
				SWIFT_OPTIMIZATION_LEVEL = "-Onone";
			};
			name = Debug;
		};
		144E908030359F0C008051D5 /* Release */ = {
			isa = XCBuildConfiguration;
			buildSettings = {
				ALWAYS_SEARCH_USER_PATHS = NO;
				ASSETCATALOG_COMPILER_GENERATE_SWIFT_ASSET_SYMBOL_EXTENSIONS = YES;
				CLANG_ANALYZER_NONNULL = YES;
				CLANG_ANALYZER_NUMBER_OBJECT_CONVERSION = YES_AGGRESSIVE;
				CLANG_CXX_LANGUAGE_STANDARD = "gnu++20";
				CLANG_ENABLE_MODULES = YES;
				CLANG_ENABLE_OBJC_ARC = YES;
				CLANG_ENABLE_OBJC_WEAK = YES;
				CLANG_WARN_BLOCK_CAPTURE_AUTORELEASING = YES;
				CLANG_WARN_BOOL_CONVERSION = YES;
				CLANG_WARN_COMMA = YES;
				CLANG_WARN_CONSTANT_CONVERSION = YES;
				CLANG_WARN_DEPRECATED_OBJC_IMPLEMENTATIONS = YES;
				CLANG_WARN_DIRECT_OBJC_ISA_USAGE = YES_ERROR;
				CLANG_WARN_DOCUMENTATION_COMMENTS = YES;
				CLANG_WARN_EMPTY_BODY = YES;
				CLANG_WARN_ENUM_CONVERSION = YES;
				CLANG_WARN_INFINITE_RECURSION = YES;
				CLANG_WARN_INT_CONVERSION = YES;
				CLANG_WARN_NON_LITERAL_NULL_CONVERSION = YES;
				CLANG_WARN_OBJC_IMPLICIT_RETAIN_SELF = YES;
				CLANG_WARN_OBJC_LITERAL_CONVERSION = YES;
				CLANG_WARN_OBJC_ROOT_CLASS = YES_ERROR;
				CLANG_WARN_QUOTED_INCLUDE_IN_FRAMEWORK_HEADER = YES;
				CLANG_WARN_RANGE_LOOP_ANALYSIS = YES;
				CLANG_WARN_STRICT_PROTOTYPES = YES;
				CLANG_WARN_SUSPICIOUS_MOVE = YES;
				CLANG_WARN_UNGUARDED_AVAILABILITY = YES_AGGRESSIVE;
				CLANG_WARN_UNREACHABLE_CODE = YES;
				CLANG_WARN__DUPLICATE_METHOD_MATCH = YES;
				COPY_PHASE_STRIP = NO;
				DEBUG_INFORMATION_FORMAT = "dwarf-with-dsym";
				ENABLE_NS_ASSERTIONS = NO;
				ENABLE_STRICT_OBJC_MSGSEND = YES;
				ENABLE_USER_SCRIPT_SANDBOXING = YES;
				GCC_C_LANGUAGE_STANDARD = gnu17;
				GCC_NO_COMMON_BLOCKS = YES;
				GCC_WARN_64_TO_32_BIT_CONVERSION = YES;
				GCC_WARN_ABOUT_RETURN_TYPE = YES_ERROR;
				GCC_WARN_UNDECLARED_SELECTOR = YES;
				GCC_WARN_UNINITIALIZED_AUTOS = YES_AGGRESSIVE;
				GCC_WARN_UNUSED_FUNCTION = YES;
				GCC_WARN_UNUSED_VARIABLE = YES;
				IPHONEOS_DEPLOYMENT_TARGET = 17.2;
				LOCALIZATION_PREFERS_STRING_CATALOGS = YES;
				MTL_ENABLE_DEBUG_INFO = NO;
				MTL_FAST_MATH = YES;
				SDKROOT = iphoneos;
				SWIFT_COMPILATION_MODE = wholemodule;
				VALIDATE_PRODUCT = YES;
			};
			name = Release;
		};
		144E908230359F0C008051D5 /* Debug */ = {
			isa = XCBuildConfiguration;
			buildSettings = {
				ASSETCATALOG_COMPILER_APPICON_NAME = AppIcon;
				ASSETCATALOG_COMPILER_GLOBAL_ACCENT_COLOR_NAME = AccentColor;
				CODE_SIGN_STYLE = Automatic;
				CURRENT_PROJECT_VERSION = 1;
				DEVELOPMENT_ASSET_PATHS = "\"Crypto/Preview Content\"";
				DEVELOPMENT_TEAM = 823XA9HL59;
				ENABLE_PREVIEWS = YES;
				GENERATE_INFOPLIST_FILE = YES;
				INFOPLIST_KEY_CFBundleDisplayName = "Crypto Tracker";
				INFOPLIST_KEY_UIApplicationSceneManifest_Generation = YES;
				INFOPLIST_KEY_UIApplicationSupportsIndirectInputEvents = YES;
				INFOPLIST_KEY_UILaunchScreen_Generation = YES;
				INFOPLIST_KEY_UISupportedInterfaceOrientations = UIInterfaceOrientationPortrait;
				INFOPLIST_KEY_UISupportedInterfaceOrientations_iPad = "UIInterfaceOrientationLandscapeLeft UIInterfaceOrientationLandscapeRight UIInterfaceOrientationPortrait UIInterfaceOrientationPortraitUpsideDown";
				LD_RUNPATH_SEARCH_PATHS = (
					"$(inherited)",
					"@executable_path/Frameworks",
				);
				MARKETING_VERSION = 1.0;
				PRODUCT_BUNDLE_IDENTIFIER = me.azab.oa.Crypto;
				PRODUCT_NAME = "$(TARGET_NAME)";
				SWIFT_EMIT_LOC_STRINGS = YES;
				SWIFT_VERSION = 5.0;
				TARGETED_DEVICE_FAMILY = "1,2";
			};
			name = Debug;
		};
		144E908330359F0C008051D5 /* Release */ = {
			isa = XCBuildConfiguration;
			buildSettings = {
				ASSETCATALOG_COMPILER_APPICON_NAME = AppIcon;
				ASSETCATALOG_COMPILER_GLOBAL_ACCENT_COLOR_NAME = AccentColor;
				CODE_SIGN_STYLE = Automatic;
				CURRENT_PROJECT_VERSION = 1;
				DEVELOPMENT_ASSET_PATHS = "\"Crypto/Preview Content\"";
				DEVELOPMENT_TEAM = 823XA9HL59;
				ENABLE_PREVIEWS = YES;
				GENERATE_INFOPLIST_FILE = YES;
				INFOPLIST_KEY_CFBundleDisplayName = "Crypto Tracker";
				INFOPLIST_KEY_UIApplicationSceneManifest_Generation = YES;
				INFOPLIST_KEY_UIApplicationSupportsIndirectInputEvents = YES;
				INFOPLIST_KEY_UILaunchScreen_Generation = YES;
				INFOPLIST_KEY_UISupportedInterfaceOrientations = UIInterfaceOrientationPortrait;
				INFOPLIST_KEY_UISupportedInterfaceOrientations_iPad = "UIInterfaceOrientationLandscapeLeft UIInterfaceOrientationLandscapeRight UIInterfaceOrientationPortrait UIInterfaceOrientationPortraitUpsideDown";
				LD_RUNPATH_SEARCH_PATHS = (
					"$(inherited)",
					"@executable_path/Frameworks",
				);
				MARKETING_VERSION = 1.0;
				PRODUCT_BUNDLE_IDENTIFIER = me.azab.oa.Crypto;
				PRODUCT_NAME = "$(TARGET_NAME)";
				SWIFT_EMIT_LOC_STRINGS = YES;
				SWIFT_VERSION = 5.0;
				TARGETED_DEVICE_FAMILY = "1,2";
			};
			name = Release;
		};
/* End XCBuildConfiguration section */

/* Begin XCConfigurationList section */
		144E906E30359F08008051D5 /* Build configuration list for PBXProject "Crypto" */ = {
			isa = XCConfigurationList;
			buildConfigurations = (
				144E907F30359F0C008051D5 /* Debug */,
				144E908030359F0C008051D5 /* Release */,
			);
			defaultConfigurationIsVisible = 0;
			defaultConfigurationName = Release;
		};
		144E908130359F0C008051D5 /* Build configuration list for PBXNativeTarget "Crypto" */ = {
			isa = XCConfigurationList;
			buildConfigurations = (
				144E908230359F0C008051D5 /* Debug */,
				144E908330359F0C008051D5 /* Release */,
			);
			defaultConfigurationIsVisible = 0;
			defaultConfigurationName = Release;
		};
/* End XCConfigurationList section */

/* Begin XCVersionGroup section */
		14C66757304056F4008F62F9 /* PortfolioContainer.xcdatamodeld */ = {
			isa = XCVersionGroup;
			children = (
				14C66758304056F4008F62F9 /* PortfolioContainer.xcdatamodel */,
			);
			currentVersion = 14C66758304056F4008F62F9 /* PortfolioContainer.xcdatamodel */;
			path = PortfolioContainer.xcdatamodeld;
			sourceTree = "<group>";
			versionGroupType = wrapper.xcdatamodel;
		};
/* End XCVersionGroup section */
	};
	rootObject = 144E906B30359F08008051D5 /* Project object */;
}
